
Microsoft Visual Studio Solution File, Format Version 12.00
# Visual Studio 2013
VisualStudioVersion = 12.0.40629.0
MinimumVisualStudioVersion = 10.0.40219.1
Project("{2150E333-8FDC-42A3-9474-1A3956D46DE8}") = "4.5.2", "4.5.2", "{159DF241-6AE4-4478-B661-0A02669B93EF}"
EndProject
Project("{FAE04EC0-301F-11D3-BF4B-00C04F79EFBC}") = "PhaseFramework.Common", "PhaseFramework.Common\PhaseFramework.Common.csproj", "{F05727D1-311C-48F8-988B-5042C4E9C85B}"
EndProject
Project("{FAE04EC0-301F-11D3-BF4B-00C04F79EFBC}") = "PhaseFramework.Configuration", "PhaseFramework.Configuration\PhaseFramework.Configuration.csproj", "{A51A8636-4885-43ED-B007-E65811E0BC6C}"
EndProject
Project("{FAE04EC0-301F-11D3-BF4B-00C04F79EFBC}") = "PhaseFramework.Pagination", "PhaseFramework.Pagination\PhaseFramework.Pagination.csproj", "{A75CF14B-883C-4365-A4DE-51AF0A9FE86F}"
EndProject
Project("{FAE04EC0-301F-11D3-BF4B-00C04F79EFBC}") = "PhaseFramework.Filtering", "PhaseFramework.Filtering\PhaseFramework.Filtering.csproj", "{E8EE0613-7159-4925-8770-01E60CD43065}"
EndProject
Project("{FAE04EC0-301F-11D3-BF4B-00C04F79EFBC}") = "PhaseFramework.Storage", "PhaseFramework.Storage\PhaseFramework.Storage.csproj", "{D8C8248F-5D4E-4AC7-898F-1C66416B878B}"
EndProject
Global
	GlobalSection(TeamFoundationVersionControl) = preSolution
		SccNumberOfProjects = 6
		SccEnterpriseProvider = {4CA58AB2-18FA-4F8D-95D4-32DDF27D184C}
		SccTeamFoundationServer = https://phasernd.visualstudio.com/defaultcollection
		SccLocalPath0 = .
		SccProjectUniqueName1 = PhaseFramework.Common\\PhaseFramework.Common.csproj
		SccProjectTopLevelParentUniqueName1 = PhaseFramework.sln
		SccProjectName1 = PhaseFramework.Common
		SccLocalPath1 = PhaseFramework.Common
		SccProjectUniqueName2 = PhaseFramework.Configuration\\PhaseFramework.Configuration.csproj
		SccProjectTopLevelParentUniqueName2 = PhaseFramework.sln
		SccProjectName2 = PhaseFramework.Configuration
		SccLocalPath2 = PhaseFramework.Configuration
		SccProjectUniqueName3 = PhaseFramework.Filtering\\PhaseFramework.Filtering.csproj
		SccProjectTopLevelParentUniqueName3 = PhaseFramework.sln
		SccProjectName3 = PhaseFramework.Filtering
		SccLocalPath3 = PhaseFramework.Filtering
		SccProjectUniqueName4 = PhaseFramework.Pagination\\PhaseFramework.Pagination.csproj
		SccProjectTopLevelParentUniqueName4 = PhaseFramework.sln
		SccProjectName4 = PhaseFramework.Pagination
		SccLocalPath4 = PhaseFramework.Pagination
		SccProjectUniqueName5 = PhaseFramework.Storage\\PhaseFramework.Storage.csproj
		SccProjectTopLevelParentUniqueName5 = PhaseFramework.sln
		SccProjectName5 = PhaseFramework.Storage
		SccLocalPath5 = PhaseFramework.Storage
	EndGlobalSection
	GlobalSection(SolutionConfigurationPlatforms) = preSolution
		Debug|Any CPU = Debug|Any CPU
		Release|Any CPU = Release|Any CPU
	EndGlobalSection
	GlobalSection(ProjectConfigurationPlatforms) = postSolution
		{F05727D1-311C-48F8-988B-5042C4E9C85B}.Debug|Any CPU.ActiveCfg = Debug|Any CPU
		{F05727D1-311C-48F8-988B-5042C4E9C85B}.Debug|Any CPU.Build.0 = Debug|Any CPU
		{F05727D1-311C-48F8-988B-5042C4E9C85B}.Release|Any CPU.ActiveCfg = Release|Any CPU
		{F05727D1-311C-48F8-988B-5042C4E9C85B}.Release|Any CPU.Build.0 = Release|Any CPU
		{A51A8636-4885-43ED-B007-E65811E0BC6C}.Debug|Any CPU.ActiveCfg = Debug|Any CPU
		{A51A8636-4885-43ED-B007-E65811E0BC6C}.Debug|Any CPU.Build.0 = Debug|Any CPU
		{A51A8636-4885-43ED-B007-E65811E0BC6C}.Release|Any CPU.ActiveCfg = Release|Any CPU
		{A51A8636-4885-43ED-B007-E65811E0BC6C}.Release|Any CPU.Build.0 = Release|Any CPU
		{A75CF14B-883C-4365-A4DE-51AF0A9FE86F}.Debug|Any CPU.ActiveCfg = Debug|Any CPU
		{A75CF14B-883C-4365-A4DE-51AF0A9FE86F}.Debug|Any CPU.Build.0 = Debug|Any CPU
		{A75CF14B-883C-4365-A4DE-51AF0A9FE86F}.Release|Any CPU.ActiveCfg = Release|Any CPU
		{A75CF14B-883C-4365-A4DE-51AF0A9FE86F}.Release|Any CPU.Build.0 = Release|Any CPU
		{E8EE0613-7159-4925-8770-01E60CD43065}.Debug|Any CPU.ActiveCfg = Debug|Any CPU
		{E8EE0613-7159-4925-8770-01E60CD43065}.Debug|Any CPU.Build.0 = Debug|Any CPU
		{E8EE0613-7159-4925-8770-01E60CD43065}.Release|Any CPU.ActiveCfg = Release|Any CPU
		{E8EE0613-7159-4925-8770-01E60CD43065}.Release|Any CPU.Build.0 = Release|Any CPU
		{D8C8248F-5D4E-4AC7-898F-1C66416B878B}.Debug|Any CPU.ActiveCfg = Debug|Any CPU
		{D8C8248F-5D4E-4AC7-898F-1C66416B878B}.Debug|Any CPU.Build.0 = Debug|Any CPU
		{D8C8248F-5D4E-4AC7-898F-1C66416B878B}.Release|Any CPU.ActiveCfg = Release|Any CPU
		{D8C8248F-5D4E-4AC7-898F-1C66416B878B}.Release|Any CPU.Build.0 = Release|Any CPU
	EndGlobalSection
	GlobalSection(SolutionProperties) = preSolution
		HideSolutionNode = FALSE
	EndGlobalSection
	GlobalSection(NestedProjects) = preSolution
		{F05727D1-311C-48F8-988B-5042C4E9C85B} = {159DF241-6AE4-4478-B661-0A02669B93EF}
		{A51A8636-4885-43ED-B007-E65811E0BC6C} = {159DF241-6AE4-4478-B661-0A02669B93EF}
		{A75CF14B-883C-4365-A4DE-51AF0A9FE86F} = {159DF241-6AE4-4478-B661-0A02669B93EF}
		{E8EE0613-7159-4925-8770-01E60CD43065} = {159DF241-6AE4-4478-B661-0A02669B93EF}
		{D8C8248F-5D4E-4AC7-898F-1C66416B878B} = {159DF241-6AE4-4478-B661-0A02669B93EF}
	EndGlobalSection
EndGlobal
